%{"certifi": {:hex, :certifi, "0.3.0"},
  "chronos": {:hex, :chronos, "1.5.1"},
  "con_cache": {:hex, :con_cache, "0.9.0"},
  "cowboy": {:hex, :cowboy, "1.0.4"},
  "cowlib": {:hex, :cowlib, "1.0.2"},
  "exactor": {:hex, :exactor, "2.2.0"},
  "gettext": {:hex, :gettext, "0.9.0"},
  "hackney": {:hex, :hackney, "1.4.8"},
  "httpoison": {:hex, :httpoison, "0.8.1"},
  "idna": {:hex, :idna, "1.0.3"},
  "mimerl": {:hex, :mimerl, "1.0.2"},
  "neo4j_sips": {:git, "https://github.com/tpunt/neo4j_sips.git", "b708f2b6bea4bad6b0f13acdfe87157443cf8e0d", []},
  "phoenix": {:hex, :phoenix, "1.1.4"},
  "plug": {:hex, :plug, "1.1.0"},
  "poison": {:hex, :poison, "2.0.1"},
  "poolboy": {:hex, :poolboy, "1.5.1"},
  "ranch": {:hex, :ranch, "1.2.1"},
  "ssl_verify_hostname": {:hex, :ssl_verify_hostname, "1.0.5"}}
